<?xml version="1.0"?>
<CONFIG>
  <ProjectOptions>
    <Version Value="9"/>
    <PathDelim Value="\"/>
    <General>
      <MainUnit Value="0"/>
      <UseXPManifest Value="True"/>
      <ActiveWindowIndexAtStart Value="0"/>
    </General>
    <i18n>
      <EnableI18N LFM="False"/>
    </i18n>
    <VersionInfo>
      <StringTable ProductVersion=""/>
    </VersionInfo>
    <BuildModes Count="2" Active="Debug">
      <Item1 Name="Debug" Default="True"/>
      <Item2 Name="Deploy">
        <CompilerOptions>
          <Version Value="10"/>
          <PathDelim Value="\"/>
          <Target>
            <Filename Value="lape"/>
          </Target>
          <SearchPaths>
            <IncludeFiles Value="$(ProjOutDir)"/>
            <UnitOutputDirectory Value="lib\$(TargetCPU)-$(TargetOS)"/>
          </SearchPaths>
          <CodeGeneration>
            <SmartLinkUnit Value="True"/>
            <Optimizations>
              <OptimizationLevel Value="3"/>
            </Optimizations>
          </CodeGeneration>
          <Linking>
            <Debugging>
              <UseLineInfoUnit Value="False"/>
              <StripSymbols Value="True"/>
            </Debugging>
            <LinkSmart Value="True"/>
          </Linking>
          <Other>
            <CompilerMessages>
              <IgnoredMessages idx4035="True" idx4055="True" idx4056="True" idx4082="True" idx5024="True"/>
              <UseMsgFile Value="True"/>
            </CompilerMessages>
            <CompilerPath Value="$(CompPath)"/>
          </Other>
        </CompilerOptions>
      </Item2>
    </BuildModes>
    <PublishOptions>
      <Version Value="2"/>
      <DestinationDirectory Value="C:\Lazarus\Lape\published"/>
      <IncludeFileFilter Value="*.(pas|pp|inc|lfm|lpr|lrs|lpi|lpk|sh|xml)"/>
      <ExcludeFileFilter Value="*.(bak|ppu|ppw|o|so);*~;backup"/>
    </PublishOptions>
    <RunParams>
      <local>
        <FormatVersion Value="1"/>
      </local>
    </RunParams>
    <RequiredPackages Count="3">
      <Item1>
        <PackageName Value="LCLBase"/>
        <MinVersion Major="1" Release="1" Valid="True"/>
      </Item1>
      <Item2>
        <PackageName Value="SynEdit"/>
        <MinVersion Major="1" Valid="True"/>
      </Item2>
      <Item3>
        <PackageName Value="LCL"/>
      </Item3>
    </RequiredPackages>
    <Units Count="58">
      <Unit0>
        <Filename Value="lape.lpr"/>
        <IsPartOfProject Value="True"/>
        <UnitName Value="lape"/>
        <WindowIndex Value="0"/>
        <TopLine Value="1"/>
        <CursorPos X="1" Y="21"/>
        <UsageCount Value="201"/>
      </Unit0>
      <Unit1>
        <Filename Value="main.pas"/>
        <IsPartOfProject Value="True"/>
        <ComponentName Value="Form1"/>
        <ResourceBaseClass Value="Form"/>
        <UnitName Value="Main"/>
        <EditorIndex Value="6"/>
        <WindowIndex Value="0"/>
        <TopLine Value="23"/>
        <CursorPos X="75" Y="42"/>
        <UsageCount Value="201"/>
        <Loaded Value="True"/>
        <LoadedDesigner Value="True"/>
      </Unit1>
      <Unit2>
        <Filename Value="lpparser.pas"/>
        <IsPartOfProject Value="True"/>
        <UnitName Value="lpparser"/>
        <EditorIndex Value="5"/>
        <WindowIndex Value="0"/>
        <TopLine Value="185"/>
        <CursorPos X="74" Y="202"/>
        <UsageCount Value="201"/>
        <Loaded Value="True"/>
      </Unit2>
      <Unit3>
        <Filename Value="lpcompiler.pas"/>
        <IsPartOfProject Value="True"/>
        <UnitName Value="lpcompiler"/>
        <EditorIndex Value="4"/>
        <WindowIndex Value="0"/>
        <TopLine Value="2511"/>
        <CursorPos X="1" Y="2517"/>
        <UsageCount Value="201"/>
        <Loaded Value="True"/>
      </Unit3>
      <Unit4>
        <Filename Value="lptypes.pas"/>
        <IsPartOfProject Value="True"/>
        <UnitName Value="lptypes"/>
        <EditorIndex Value="2"/>
        <WindowIndex Value="0"/>
        <TopLine Value="76"/>
        <CursorPos X="3" Y="92"/>
        <UsageCount Value="201"/>
        <Loaded Value="True"/>
      </Unit4>
      <Unit5>
        <Filename Value="lpeval.pas"/>
        <IsPartOfProject Value="True"/>
        <UnitName Value="lpeval"/>
        <EditorIndex Value="7"/>
        <WindowIndex Value="0"/>
        <TopLine Value="129"/>
        <CursorPos X="11" Y="148"/>
        <UsageCount Value="201"/>
        <Loaded Value="True"/>
      </Unit5>
      <Unit6>
        <Filename Value="lpinterpreter.pas"/>
        <IsPartOfProject Value="True"/>
        <UnitName Value="lpinterpreter"/>
        <EditorIndex Value="3"/>
        <WindowIndex Value="0"/>
        <TopLine Value="156"/>
        <CursorPos X="13" Y="163"/>
        <UsageCount Value="201"/>
        <Loaded Value="True"/>
      </Unit6>
      <Unit7>
        <Filename Value="lpexceptions.pas"/>
        <IsPartOfProject Value="True"/>
        <UnitName Value="lpexceptions"/>
        <WindowIndex Value="0"/>
        <TopLine Value="74"/>
        <CursorPos X="1" Y="90"/>
        <UsageCount Value="201"/>
      </Unit7>
      <Unit8>
        <Filename Value="lape.inc"/>
        <IsPartOfProject Value="True"/>
        <WindowIndex Value="0"/>
        <TopLine Value="1"/>
        <CursorPos X="3" Y="19"/>
        <UsageCount Value="201"/>
      </Unit8>
      <Unit9>
        <Filename Value="lpvartypes.pas"/>
        <IsPartOfProject Value="True"/>
        <UnitName Value="lpvartypes"/>
        <IsVisibleTab Value="True"/>
        <EditorIndex Value="0"/>
        <WindowIndex Value="0"/>
        <TopLine Value="5034"/>
        <CursorPos X="46" Y="5042"/>
        <UsageCount Value="201"/>
        <Loaded Value="True"/>
      </Unit9>
      <Unit10>
        <Filename Value="lpcodeemitter.pas"/>
        <IsPartOfProject Value="True"/>
        <UnitName Value="lpcodeemitter"/>
        <EditorIndex Value="1"/>
        <WindowIndex Value="0"/>
        <TopLine Value="394"/>
        <CursorPos X="77" Y="402"/>
        <UsageCount Value="201"/>
        <Loaded Value="True"/>
      </Unit10>
      <Unit11>
        <Filename Value="_lpgenerateevalfunctions.pas"/>
        <UnitName Value="_lpgenerateevalfunctions"/>
        <WindowIndex Value="0"/>
        <TopLine Value="39"/>
        <CursorPos X="12" Y="57"/>
        <UsageCount Value="156"/>
      </Unit11>
      <Unit12>
        <Filename Value="lpeval_arr.inc"/>
        <IsPartOfProject Value="True"/>
        <WindowIndex Value="0"/>
        <TopLine Value="2805"/>
        <CursorPos X="38" Y="2829"/>
        <UsageCount Value="201"/>
      </Unit12>
      <Unit13>
        <Filename Value="lpeval_res.inc"/>
        <IsPartOfProject Value="True"/>
        <WindowIndex Value="0"/>
        <TopLine Value="1"/>
        <CursorPos X="1" Y="1"/>
        <UsageCount Value="201"/>
      </Unit13>
      <Unit14>
        <Filename Value="lpeval_functions.inc"/>
        <IsPartOfProject Value="True"/>
        <WindowIndex Value="0"/>
        <TopLine Value="2774"/>
        <CursorPos X="2" Y="2794"/>
        <UsageCount Value="201"/>
      </Unit14>
      <Unit15>
        <Filename Value="lpcodeemitter_evalheader.inc"/>
        <IsPartOfProject Value="True"/>
        <WindowIndex Value="0"/>
        <TopLine Value="4"/>
        <CursorPos X="125" Y="16"/>
        <UsageCount Value="201"/>
      </Unit15>
      <Unit16>
        <Filename Value="lpcodeemitter_evalbody.inc"/>
        <IsPartOfProject Value="True"/>
        <WindowIndex Value="0"/>
        <TopLine Value="735"/>
        <CursorPos X="1" Y="751"/>
        <UsageCount Value="201"/>
      </Unit16>
      <Unit17>
        <Filename Value="lpcodeemitter_evalcase.inc"/>
        <IsPartOfProject Value="True"/>
        <WindowIndex Value="0"/>
        <TopLine Value="168"/>
        <CursorPos X="1" Y="184"/>
        <UsageCount Value="201"/>
      </Unit17>
      <Unit18>
        <Filename Value="lpinterpreter_doeval.inc"/>
        <IsPartOfProject Value="True"/>
        <WindowIndex Value="0"/>
        <TopLine Value="4"/>
        <CursorPos X="1" Y="1"/>
        <UsageCount Value="201"/>
      </Unit18>
      <Unit19>
        <Filename Value="lpinterpreter_evalcase.inc"/>
        <IsPartOfProject Value="True"/>
        <WindowIndex Value="0"/>
        <TopLine Value="1"/>
        <CursorPos X="1" Y="1"/>
        <UsageCount Value="201"/>
      </Unit19>
      <Unit20>
        <Filename Value="lpinterpreter_evalrecords.inc"/>
        <IsPartOfProject Value="True"/>
        <WindowIndex Value="0"/>
        <TopLine Value="4"/>
        <CursorPos X="116" Y="17"/>
        <UsageCount Value="201"/>
      </Unit20>
      <Unit21>
        <Filename Value="lpinterpreter_evalopcodes.inc"/>
        <IsPartOfProject Value="True"/>
        <WindowIndex Value="0"/>
        <TopLine Value="1"/>
        <CursorPos X="1" Y="1"/>
        <UsageCount Value="201"/>
      </Unit21>
      <Unit22>
        <Filename Value="lpinterpreter_jumpopcodes.inc"/>
        <IsPartOfProject Value="True"/>
        <WindowIndex Value="0"/>
        <TopLine Value="3"/>
        <CursorPos X="1" Y="11"/>
        <UsageCount Value="201"/>
      </Unit22>
      <Unit23>
        <Filename Value="lpinterpreter_jumprecords.inc"/>
        <IsPartOfProject Value="True"/>
        <WindowIndex Value="0"/>
        <TopLine Value="10"/>
        <CursorPos X="22" Y="43"/>
        <UsageCount Value="201"/>
      </Unit23>
      <Unit24>
        <Filename Value="lpinterpreter_dojump.inc"/>
        <IsPartOfProject Value="True"/>
        <WindowIndex Value="0"/>
        <TopLine Value="418"/>
        <CursorPos X="1" Y="1"/>
        <UsageCount Value="201"/>
      </Unit24>
      <Unit25>
        <Filename Value="lpinterpreter_jumpcase.inc"/>
        <IsPartOfProject Value="True"/>
        <WindowIndex Value="0"/>
        <TopLine Value="1"/>
        <CursorPos X="1" Y="1"/>
        <UsageCount Value="201"/>
      </Unit25>
      <Unit26>
        <Filename Value="lpcodeemitter_jumpheader.inc"/>
        <IsPartOfProject Value="True"/>
        <WindowIndex Value="0"/>
        <TopLine Value="1"/>
        <CursorPos X="44" Y="151"/>
        <UsageCount Value="201"/>
      </Unit26>
      <Unit27>
        <Filename Value="lpcodeemitter_jumpbody.inc"/>
        <IsPartOfProject Value="True"/>
        <WindowIndex Value="0"/>
        <TopLine Value="1"/>
        <CursorPos X="1" Y="1"/>
        <UsageCount Value="201"/>
      </Unit27>
      <Unit28>
        <Filename Value="lptree.pas"/>
        <IsPartOfProject Value="True"/>
        <UnitName Value="lptree"/>
        <EditorIndex Value="8"/>
        <WindowIndex Value="0"/>
        <TopLine Value="1551"/>
        <CursorPos X="1" Y="1567"/>
        <UsageCount Value="201"/>
        <Loaded Value="True"/>
      </Unit28>
      <Unit29>
        <Filename Value="lpinterpreter_opcodecase.inc"/>
        <IsPartOfProject Value="True"/>
        <WindowIndex Value="0"/>
        <TopLine Value="5"/>
        <CursorPos X="27" Y="21"/>
        <UsageCount Value="201"/>
      </Unit29>
      <Unit30>
        <Filename Value="lpinterpreter_doforbody.inc"/>
        <WindowIndex Value="0"/>
        <TopLine Value="1"/>
        <CursorPos X="45" Y="11"/>
        <UsageCount Value="115"/>
      </Unit30>
      <Unit31>
        <Filename Value="lpdisassembler.pas"/>
        <IsPartOfProject Value="True"/>
        <UnitName Value="lpdisassembler"/>
        <WindowIndex Value="0"/>
        <TopLine Value="121"/>
        <CursorPos X="66" Y="129"/>
        <UsageCount Value="200"/>
      </Unit31>
      <Unit32>
        <Filename Value="lpdisassembler_dojump.inc"/>
        <IsPartOfProject Value="True"/>
        <WindowIndex Value="0"/>
        <TopLine Value="121"/>
        <CursorPos X="56" Y="3"/>
        <UsageCount Value="200"/>
      </Unit32>
      <Unit33>
        <Filename Value="lpdisassembler_doeval.inc"/>
        <IsPartOfProject Value="True"/>
        <WindowIndex Value="0"/>
        <TopLine Value="1"/>
        <CursorPos X="26" Y="23"/>
        <UsageCount Value="200"/>
      </Unit33>
      <Unit34>
        <Filename Value="lpinterpreter_invokerecords.inc"/>
        <IsPartOfProject Value="True"/>
        <WindowIndex Value="0"/>
        <TopLine Value="151"/>
        <CursorPos X="24" Y="171"/>
        <UsageCount Value="200"/>
      </Unit34>
      <Unit35>
        <Filename Value="lpinterpreter_doinvoke.inc"/>
        <IsPartOfProject Value="True"/>
        <WindowIndex Value="0"/>
        <TopLine Value="1"/>
        <CursorPos X="32" Y="53"/>
        <UsageCount Value="201"/>
      </Unit35>
      <Unit36>
        <Filename Value="lpinterpreter_invokeopcodes.inc"/>
        <IsPartOfProject Value="True"/>
        <WindowIndex Value="0"/>
        <TopLine Value="1"/>
        <CursorPos X="100" Y="46"/>
        <UsageCount Value="200"/>
      </Unit36>
      <Unit37>
        <Filename Value="lpinterpreter_invokecase.inc"/>
        <IsPartOfProject Value="True"/>
        <WindowIndex Value="0"/>
        <TopLine Value="25"/>
        <CursorPos X="44" Y="27"/>
        <UsageCount Value="200"/>
      </Unit37>
      <Unit38>
        <Filename Value="lpdisassembler_doinvoke.inc"/>
        <IsPartOfProject Value="True"/>
        <WindowIndex Value="0"/>
        <TopLine Value="1"/>
        <CursorPos X="30" Y="68"/>
        <UsageCount Value="200"/>
      </Unit38>
      <Unit39>
        <Filename Value="lpcodeemitter_invokeheader.inc"/>
        <IsPartOfProject Value="True"/>
        <WindowIndex Value="0"/>
        <TopLine Value="64"/>
        <CursorPos X="79" Y="85"/>
        <UsageCount Value="200"/>
      </Unit39>
      <Unit40>
        <Filename Value="lpcodeemitter_invokebody.inc"/>
        <IsPartOfProject Value="True"/>
        <WindowIndex Value="0"/>
        <TopLine Value="1"/>
        <CursorPos X="66" Y="5"/>
        <UsageCount Value="203"/>
      </Unit40>
      <Unit41>
        <Filename Value="..\..\FPC\Source\rtl\inc\objpash.inc"/>
        <WindowIndex Value="0"/>
        <TopLine Value="185"/>
        <CursorPos X="21" Y="201"/>
        <UsageCount Value="5"/>
      </Unit41>
      <Unit42>
        <Filename Value="..\..\FPC\Source\rtl\inc\systemh.inc"/>
        <WindowIndex Value="0"/>
        <TopLine Value="235"/>
        <CursorPos X="3" Y="251"/>
        <UsageCount Value="9"/>
      </Unit42>
      <Unit43>
        <Filename Value="..\..\FPC\Source\rtl\inc\heaph.inc"/>
        <WindowIndex Value="0"/>
        <TopLine Value="66"/>
        <CursorPos X="17" Y="92"/>
        <UsageCount Value="5"/>
      </Unit43>
      <Unit44>
        <Filename Value="..\..\FPC\Source\rtl\inc\heap.inc"/>
        <WindowIndex Value="0"/>
        <TopLine Value="280"/>
        <CursorPos X="31" Y="291"/>
        <UsageCount Value="5"/>
      </Unit44>
      <Unit45>
        <Filename Value="..\..\LazSVN\lcl\stdctrls.pp"/>
        <UnitName Value="StdCtrls"/>
        <WindowIndex Value="0"/>
        <TopLine Value="816"/>
        <CursorPos X="15" Y="832"/>
        <UsageCount Value="5"/>
      </Unit45>
      <Unit46>
        <Filename Value="..\..\LazSVN\lcl\include\custommemo.inc"/>
        <WindowIndex Value="0"/>
        <TopLine Value="51"/>
        <CursorPos X="25" Y="66"/>
        <UsageCount Value="5"/>
      </Unit46>
      <Unit47>
        <Filename Value="..\..\FPC\Source\rtl\inc\dynarrh.inc"/>
        <WindowIndex Value="0"/>
        <TopLine Value="1"/>
        <CursorPos X="3" Y="19"/>
        <UsageCount Value="2"/>
      </Unit47>
      <Unit48>
        <Filename Value="..\..\FPC\Source\rtl\inc\dynarr.inc"/>
        <WindowIndex Value="0"/>
        <TopLine Value="6"/>
        <CursorPos X="43" Y="19"/>
        <UsageCount Value="2"/>
      </Unit48>
      <Unit49>
        <Filename Value="..\..\FPC\Source\rtl\inc\system.inc"/>
        <WindowIndex Value="0"/>
        <TopLine Value="747"/>
        <CursorPos X="23" Y="765"/>
        <UsageCount Value="7"/>
      </Unit49>
      <Unit50>
        <Filename Value="..\..\FPC\Source\rtl\inc\aliases.inc"/>
        <WindowIndex Value="0"/>
        <TopLine Value="1"/>
        <CursorPos X="11" Y="28"/>
        <UsageCount Value="4"/>
      </Unit50>
      <Unit51>
        <Filename Value="..\..\FPC\Source\rtl\objpas\typinfo.pp"/>
        <UnitName Value="typinfo"/>
        <WindowIndex Value="0"/>
        <TopLine Value="71"/>
        <CursorPos X="45" Y="50"/>
        <UsageCount Value="8"/>
      </Unit51>
      <Unit52>
        <Filename Value="..\..\FPC\Source\rtl\inc\compproc.inc"/>
        <WindowIndex Value="0"/>
        <TopLine Value="274"/>
        <CursorPos X="10" Y="290"/>
        <UsageCount Value="5"/>
      </Unit52>
      <Unit53>
        <Filename Value="..\..\FPC\Source\rtl\i386\mmx.pp"/>
        <UnitName Value="mmx"/>
        <WindowIndex Value="0"/>
        <TopLine Value="232"/>
        <CursorPos X="40" Y="242"/>
        <UsageCount Value="2"/>
      </Unit53>
      <Unit54>
        <Filename Value="..\..\FPC\Source\rtl\inc\rtti.inc"/>
        <WindowIndex Value="0"/>
        <TopLine Value="235"/>
        <CursorPos X="24" Y="254"/>
        <UsageCount Value="5"/>
      </Unit54>
      <Unit55>
        <Filename Value="..\..\FPC\Source\rtl\i386\i386.inc"/>
        <WindowIndex Value="0"/>
        <TopLine Value="1601"/>
        <CursorPos X="19" Y="1605"/>
        <UsageCount Value="5"/>
      </Unit55>
      <Unit56>
        <Filename Value="..\..\FPC\Source\rtl\inc\astrings.inc"/>
        <WindowIndex Value="0"/>
        <TopLine Value="639"/>
        <CursorPos X="3" Y="644"/>
        <UsageCount Value="5"/>
      </Unit56>
      <Unit57>
        <Filename Value="..\..\FPC\Source\rtl\objpas\classes\classesh.inc"/>
        <WindowIndex Value="0"/>
        <TopLine Value="617"/>
        <CursorPos X="14" Y="633"/>
        <UsageCount Value="9"/>
      </Unit57>
    </Units>
    <JumpHistory Count="30" HistoryIndex="29">
      <Position1>
        <Filename Value="lpvartypes.pas"/>
        <Caret Line="4592" Column="27" TopLine="4566"/>
      </Position1>
      <Position2>
        <Filename Value="lpvartypes.pas"/>
        <Caret Line="4600" Column="27" TopLine="4574"/>
      </Position2>
      <Position3>
        <Filename Value="lpvartypes.pas"/>
        <Caret Line="4620" Column="27" TopLine="4594"/>
      </Position3>
      <Position4>
        <Filename Value="lpvartypes.pas"/>
        <Caret Line="4628" Column="27" TopLine="4602"/>
      </Position4>
      <Position5>
        <Filename Value="lpvartypes.pas"/>
        <Caret Line="4684" Column="27" TopLine="4658"/>
      </Position5>
      <Position6>
        <Filename Value="lpvartypes.pas"/>
        <Caret Line="4693" Column="27" TopLine="4667"/>
      </Position6>
      <Position7>
        <Filename Value="lpvartypes.pas"/>
        <Caret Line="4748" Column="27" TopLine="4722"/>
      </Position7>
      <Position8>
        <Filename Value="lpvartypes.pas"/>
        <Caret Line="4757" Column="27" TopLine="4731"/>
      </Position8>
      <Position9>
        <Filename Value="lpvartypes.pas"/>
        <Caret Line="4812" Column="27" TopLine="4786"/>
      </Position9>
      <Position10>
        <Filename Value="lpvartypes.pas"/>
        <Caret Line="4820" Column="27" TopLine="4794"/>
      </Position10>
      <Position11>
        <Filename Value="lpvartypes.pas"/>
        <Caret Line="4875" Column="27" TopLine="4849"/>
      </Position11>
      <Position12>
        <Filename Value="lpvartypes.pas"/>
        <Caret Line="4883" Column="27" TopLine="4857"/>
      </Position12>
      <Position13>
        <Filename Value="lpvartypes.pas"/>
        <Caret Line="4919" Column="27" TopLine="4893"/>
      </Position13>
      <Position14>
        <Filename Value="lpvartypes.pas"/>
        <Caret Line="4930" Column="14" TopLine="4904"/>
      </Position14>
      <Position15>
        <Filename Value="lpvartypes.pas"/>
        <Caret Line="4933" Column="14" TopLine="4907"/>
      </Position15>
      <Position16>
        <Filename Value="lpvartypes.pas"/>
        <Caret Line="4939" Column="14" TopLine="4913"/>
      </Position16>
      <Position17>
        <Filename Value="lpvartypes.pas"/>
        <Caret Line="4952" Column="34" TopLine="4926"/>
      </Position17>
      <Position18>
        <Filename Value="lpvartypes.pas"/>
        <Caret Line="4991" Column="37" TopLine="4977"/>
      </Position18>
      <Position19>
        <Filename Value="lpvartypes.pas"/>
        <Caret Line="4992" Column="15" TopLine="4977"/>
      </Position19>
      <Position20>
        <Filename Value="lpvartypes.pas"/>
        <Caret Line="5027" Column="19" TopLine="5013"/>
      </Position20>
      <Position21>
        <Filename Value="lpvartypes.pas"/>
        <Caret Line="5029" Column="17" TopLine="5019"/>
      </Position21>
      <Position22>
        <Filename Value="lpvartypes.pas"/>
        <Caret Line="5030" Column="17" TopLine="5028"/>
      </Position22>
      <Position23>
        <Filename Value="lpvartypes.pas"/>
        <Caret Line="5050" Column="17" TopLine="5037"/>
      </Position23>
      <Position24>
        <Filename Value="lpvartypes.pas"/>
        <Caret Line="5052" Column="19" TopLine="5037"/>
      </Position24>
      <Position25>
        <Filename Value="lpvartypes.pas"/>
        <Caret Line="5054" Column="19" TopLine="5043"/>
      </Position25>
      <Position26>
        <Filename Value="lpvartypes.pas"/>
        <Caret Line="5060" Column="21" TopLine="5052"/>
      </Position26>
      <Position27>
        <Filename Value="lpvartypes.pas"/>
        <Caret Line="5062" Column="21" TopLine="5052"/>
      </Position27>
      <Position28>
        <Filename Value="lpvartypes.pas"/>
        <Caret Line="5065" Column="21" TopLine="5052"/>
      </Position28>
      <Position29>
        <Filename Value="lpvartypes.pas"/>
        <Caret Line="5067" Column="21" TopLine="5052"/>
      </Position29>
      <Position30>
        <Filename Value="lpinterpreter.pas"/>
        <Caret Line="371" Column="15" TopLine="347"/>
      </Position30>
    </JumpHistory>
  </ProjectOptions>
  <CompilerOptions>
    <Version Value="10"/>
    <PathDelim Value="\"/>
    <Target>
      <Filename Value="lape"/>
    </Target>
    <SearchPaths>
      <IncludeFiles Value="$(ProjOutDir)"/>
      <UnitOutputDirectory Value="lib\$(TargetCPU)-$(TargetOS)"/>
    </SearchPaths>
    <Parsing>
      <SyntaxOptions>
        <IncludeAssertionCode Value="True"/>
      </SyntaxOptions>
    </Parsing>
    <CodeGeneration>
      <SmartLinkUnit Value="True"/>
    </CodeGeneration>
    <Linking>
      <Debugging>
        <GenerateDebugInfo Value="True"/>
        <UseHeaptrc Value="True"/>
      </Debugging>
      <LinkSmart Value="True"/>
    </Linking>
    <Other>
      <CompilerMessages>
        <IgnoredMessages idx4035="True" idx4055="True" idx4056="True" idx4082="True" idx5024="True"/>
        <UseMsgFile Value="True"/>
      </CompilerMessages>
      <CompilerPath Value="$(CompPath)"/>
    </Other>
  </CompilerOptions>
  <Debugging>
    <BreakPoints Count="1">
      <Item1>
        <Kind Value="bpkSource"/>
        <Source Value="lpcompiler.pas"/>
        <Line Value="2539"/>
      </Item1>
    </BreakPoints>
  </Debugging>
</CONFIG>
