<?xml version="1.0"?>
<CONFIG>
  <ProjectOptions>
    <Version Value="9"/>
    <PathDelim Value="\"/>
    <General>
      <MainUnit Value="0"/>
      <UseXPManifest Value="True"/>
      <ActiveWindowIndexAtStart Value="0"/>
    </General>
    <i18n>
      <EnableI18N LFM="False"/>
    </i18n>
    <VersionInfo>
      <StringTable ProductVersion=""/>
    </VersionInfo>
    <BuildModes Count="5" Active="x86_Debug">
      <Item1 Name="x86_Debug" Default="True"/>
      <Item2 Name="x86_Deploy">
        <CompilerOptions>
          <Version Value="10"/>
          <PathDelim Value="\"/>
          <Target>
            <Filename Value="lape"/>
          </Target>
          <SearchPaths>
            <IncludeFiles Value="$(ProjOutDir)"/>
            <UnitOutputDirectory Value="lib\$(TargetCPU)-$(TargetOS)"/>
          </SearchPaths>
          <CodeGeneration>
            <SmartLinkUnit Value="True"/>
            <Optimizations>
              <OptimizationLevel Value="3"/>
            </Optimizations>
          </CodeGeneration>
          <Linking>
            <Debugging>
              <UseLineInfoUnit Value="False"/>
              <StripSymbols Value="True"/>
            </Debugging>
            <LinkSmart Value="True"/>
          </Linking>
          <Other>
            <CompilerMessages>
              <IgnoredMessages idx4035="True" idx4055="True" idx4056="True" idx4082="True" idx5024="True"/>
              <UseMsgFile Value="True"/>
            </CompilerMessages>
            <CompilerPath Value="$(CompPath)"/>
          </Other>
        </CompilerOptions>
      </Item2>
      <Item3 Name="x64_Debug">
        <CompilerOptions>
          <Version Value="10"/>
          <PathDelim Value="\"/>
          <Target>
            <Filename Value="lape"/>
          </Target>
          <SearchPaths>
            <IncludeFiles Value="$(ProjOutDir)"/>
            <UnitOutputDirectory Value="lib\$(TargetCPU)-$(TargetOS)"/>
          </SearchPaths>
          <Parsing>
            <SyntaxOptions>
              <IncludeAssertionCode Value="True"/>
            </SyntaxOptions>
          </Parsing>
          <CodeGeneration>
            <SmartLinkUnit Value="True"/>
            <Checks>
              <RangeChecks Value="True"/>
              <OverflowChecks Value="True"/>
            </Checks>
            <TargetCPU Value="x86_64"/>
            <TargetOS Value="win64"/>
          </CodeGeneration>
          <Linking>
            <Debugging>
              <GenerateDebugInfo Value="True"/>
              <UseHeaptrc Value="True"/>
            </Debugging>
            <LinkSmart Value="True"/>
          </Linking>
          <Other>
            <CompilerMessages>
              <IgnoredMessages idx4035="True" idx4055="True" idx4056="True" idx4082="True" idx5024="True"/>
              <UseMsgFile Value="True"/>
            </CompilerMessages>
            <CompilerPath Value="$(CompPath)"/>
          </Other>
        </CompilerOptions>
      </Item3>
      <Item4 Name="x64_Deploy">
        <CompilerOptions>
          <Version Value="10"/>
          <PathDelim Value="\"/>
          <Target>
            <Filename Value="lape"/>
          </Target>
          <SearchPaths>
            <IncludeFiles Value="$(ProjOutDir)"/>
            <UnitOutputDirectory Value="lib\$(TargetCPU)-$(TargetOS)"/>
          </SearchPaths>
          <Parsing>
            <SyntaxOptions>
              <IncludeAssertionCode Value="True"/>
            </SyntaxOptions>
          </Parsing>
          <CodeGeneration>
            <SmartLinkUnit Value="True"/>
            <TargetCPU Value="x86_64"/>
            <TargetOS Value="win64"/>
            <Optimizations>
              <OptimizationLevel Value="3"/>
            </Optimizations>
          </CodeGeneration>
          <Linking>
            <Debugging>
              <UseLineInfoUnit Value="False"/>
              <StripSymbols Value="True"/>
            </Debugging>
            <LinkSmart Value="True"/>
          </Linking>
          <Other>
            <CompilerMessages>
              <IgnoredMessages idx4035="True" idx4055="True" idx4056="True" idx4082="True" idx5024="True"/>
              <UseMsgFile Value="True"/>
            </CompilerMessages>
            <CompilerPath Value="$(CompPath)"/>
          </Other>
        </CompilerOptions>
      </Item4>
      <Item5 Name="WinCE">
        <MacroValues Count="1">
          <Macro1 Name="LCLWidgetType" Value="wince"/>
        </MacroValues>
        <CompilerOptions>
          <Version Value="10"/>
          <PathDelim Value="\"/>
          <Target>
            <Filename Value="lape"/>
          </Target>
          <SearchPaths>
            <IncludeFiles Value="$(ProjOutDir)"/>
            <UnitOutputDirectory Value="lib\$(TargetCPU)-$(TargetOS)"/>
          </SearchPaths>
          <Parsing>
            <SyntaxOptions>
              <IncludeAssertionCode Value="True"/>
            </SyntaxOptions>
          </Parsing>
          <CodeGeneration>
            <SmartLinkUnit Value="True"/>
            <TargetCPU Value="arm"/>
            <TargetOS Value="wince"/>
            <Optimizations>
              <OptimizationLevel Value="2"/>
            </Optimizations>
          </CodeGeneration>
          <Linking>
            <Debugging>
              <UseLineInfoUnit Value="False"/>
              <StripSymbols Value="True"/>
            </Debugging>
            <LinkSmart Value="True"/>
          </Linking>
          <Other>
            <CompilerMessages>
              <IgnoredMessages idx4035="True" idx4055="True" idx4056="True" idx4082="True" idx5024="True"/>
              <UseMsgFile Value="True"/>
            </CompilerMessages>
            <CompilerPath Value="$(CompPath)"/>
          </Other>
        </CompilerOptions>
      </Item5>
    </BuildModes>
    <PublishOptions>
      <Version Value="2"/>
      <DestinationDirectory Value="C:\Lazarus\Lape\published"/>
      <IncludeFileFilter Value="*.(pas|pp|inc|lfm|lpr|lrs|lpi|lpk|sh|xml)"/>
      <ExcludeFileFilter Value="*.(bak|ppu|ppw|o|so);*~;backup"/>
    </PublishOptions>
    <RunParams>
      <local>
        <FormatVersion Value="1"/>
      </local>
    </RunParams>
    <RequiredPackages Count="3">
      <Item1>
        <PackageName Value="LCLBase"/>
        <MinVersion Major="1" Release="1" Valid="True"/>
      </Item1>
      <Item2>
        <PackageName Value="SynEdit"/>
        <MinVersion Major="1" Valid="True"/>
      </Item2>
      <Item3>
        <PackageName Value="LCL"/>
      </Item3>
    </RequiredPackages>
    <Units Count="72">
      <Unit0>
        <Filename Value="lape.lpr"/>
        <IsPartOfProject Value="True"/>
        <UnitName Value="lape"/>
        <WindowIndex Value="0"/>
        <TopLine Value="1"/>
        <CursorPos X="1" Y="21"/>
        <UsageCount Value="201"/>
      </Unit0>
      <Unit1>
        <Filename Value="main.pas"/>
        <IsPartOfProject Value="True"/>
        <ComponentName Value="Form1"/>
        <ResourceBaseClass Value="Form"/>
        <UnitName Value="Main"/>
        <EditorIndex Value="8"/>
        <WindowIndex Value="0"/>
        <TopLine Value="129"/>
        <CursorPos X="41" Y="131"/>
        <UsageCount Value="201"/>
        <Loaded Value="True"/>
        <LoadedDesigner Value="True"/>
      </Unit1>
      <Unit2>
        <Filename Value="lpparser.pas"/>
        <IsPartOfProject Value="True"/>
        <UnitName Value="lpparser"/>
        <EditorIndex Value="4"/>
        <WindowIndex Value="0"/>
        <TopLine Value="1189"/>
        <CursorPos X="1" Y="1203"/>
        <UsageCount Value="201"/>
        <Loaded Value="True"/>
      </Unit2>
      <Unit3>
        <Filename Value="lpcompiler.pas"/>
        <IsPartOfProject Value="True"/>
        <UnitName Value="lpcompiler"/>
        <IsVisibleTab Value="True"/>
        <EditorIndex Value="3"/>
        <WindowIndex Value="0"/>
        <TopLine Value="2052"/>
        <CursorPos X="92" Y="2065"/>
        <UsageCount Value="201"/>
        <Loaded Value="True"/>
      </Unit3>
      <Unit4>
        <Filename Value="lptypes.pas"/>
        <IsPartOfProject Value="True"/>
        <UnitName Value="lptypes"/>
        <EditorIndex Value="1"/>
        <WindowIndex Value="0"/>
        <TopLine Value="6"/>
        <CursorPos X="12" Y="20"/>
        <UsageCount Value="201"/>
        <Loaded Value="True"/>
      </Unit4>
      <Unit5>
        <Filename Value="lpeval.pas"/>
        <IsPartOfProject Value="True"/>
        <UnitName Value="lpeval"/>
        <WindowIndex Value="0"/>
        <TopLine Value="191"/>
        <CursorPos X="15" Y="197"/>
        <UsageCount Value="201"/>
      </Unit5>
      <Unit6>
        <Filename Value="lpinterpreter.pas"/>
        <IsPartOfProject Value="True"/>
        <UnitName Value="lpinterpreter"/>
        <EditorIndex Value="2"/>
        <WindowIndex Value="0"/>
        <TopLine Value="446"/>
        <CursorPos X="12" Y="451"/>
        <UsageCount Value="201"/>
        <Loaded Value="True"/>
      </Unit6>
      <Unit7>
        <Filename Value="lpexceptions.pas"/>
        <IsPartOfProject Value="True"/>
        <UnitName Value="lpexceptions"/>
        <EditorIndex Value="7"/>
        <WindowIndex Value="0"/>
        <TopLine Value="78"/>
        <CursorPos X="1" Y="92"/>
        <UsageCount Value="201"/>
        <Loaded Value="True"/>
      </Unit7>
      <Unit8>
        <Filename Value="lape.inc"/>
        <IsPartOfProject Value="True"/>
        <WindowIndex Value="0"/>
        <TopLine Value="1"/>
        <CursorPos X="3" Y="15"/>
        <UsageCount Value="201"/>
      </Unit8>
      <Unit9>
        <Filename Value="lpvartypes.pas"/>
        <IsPartOfProject Value="True"/>
        <UnitName Value="lpvartypes"/>
        <EditorIndex Value="0"/>
        <WindowIndex Value="0"/>
        <TopLine Value="5507"/>
        <CursorPos X="1" Y="5521"/>
        <UsageCount Value="201"/>
        <Loaded Value="True"/>
      </Unit9>
      <Unit10>
        <Filename Value="lpcodeemitter.pas"/>
        <IsPartOfProject Value="True"/>
        <UnitName Value="lpcodeemitter"/>
        <EditorIndex Value="5"/>
        <WindowIndex Value="0"/>
        <TopLine Value="43"/>
        <CursorPos X="30" Y="62"/>
        <UsageCount Value="201"/>
        <Loaded Value="True"/>
      </Unit10>
      <Unit11>
        <Filename Value="_lpgenerateevalfunctions.pas"/>
        <UnitName Value="_lpgenerateevalfunctions"/>
        <WindowIndex Value="0"/>
        <TopLine Value="43"/>
        <CursorPos X="12" Y="57"/>
        <UsageCount Value="126"/>
      </Unit11>
      <Unit12>
        <Filename Value="lpeval_arr.inc"/>
        <IsPartOfProject Value="True"/>
        <WindowIndex Value="0"/>
        <TopLine Value="2849"/>
        <CursorPos X="52" Y="2855"/>
        <UsageCount Value="201"/>
      </Unit12>
      <Unit13>
        <Filename Value="lpeval_res.inc"/>
        <IsPartOfProject Value="True"/>
        <WindowIndex Value="0"/>
        <TopLine Value="2837"/>
        <CursorPos X="52" Y="2852"/>
        <UsageCount Value="201"/>
      </Unit13>
      <Unit14>
        <Filename Value="lpeval_functions.inc"/>
        <IsPartOfProject Value="True"/>
        <WindowIndex Value="0"/>
        <TopLine Value="1600"/>
        <CursorPos X="113" Y="1617"/>
        <UsageCount Value="201"/>
      </Unit14>
      <Unit15>
        <Filename Value="lpcodeemitter_evalheader.inc"/>
        <IsPartOfProject Value="True"/>
        <WindowIndex Value="0"/>
        <TopLine Value="4"/>
        <CursorPos X="125" Y="16"/>
        <UsageCount Value="201"/>
      </Unit15>
      <Unit16>
        <Filename Value="lpcodeemitter_evalbody.inc"/>
        <IsPartOfProject Value="True"/>
        <WindowIndex Value="0"/>
        <TopLine Value="820"/>
        <CursorPos X="1" Y="820"/>
        <UsageCount Value="201"/>
      </Unit16>
      <Unit17>
        <Filename Value="lpcodeemitter_evalcase.inc"/>
        <IsPartOfProject Value="True"/>
        <WindowIndex Value="0"/>
        <TopLine Value="122"/>
        <CursorPos X="1" Y="136"/>
        <UsageCount Value="201"/>
      </Unit17>
      <Unit18>
        <Filename Value="lpinterpreter_doeval.inc"/>
        <IsPartOfProject Value="True"/>
        <WindowIndex Value="0"/>
        <TopLine Value="195"/>
        <CursorPos X="1" Y="209"/>
        <UsageCount Value="201"/>
      </Unit18>
      <Unit19>
        <Filename Value="lpinterpreter_evalcase.inc"/>
        <IsPartOfProject Value="True"/>
        <WindowIndex Value="0"/>
        <TopLine Value="81"/>
        <CursorPos X="1" Y="100"/>
        <UsageCount Value="201"/>
      </Unit19>
      <Unit20>
        <Filename Value="lpinterpreter_evalrecords.inc"/>
        <IsPartOfProject Value="True"/>
        <WindowIndex Value="0"/>
        <TopLine Value="233"/>
        <CursorPos X="31" Y="260"/>
        <UsageCount Value="201"/>
      </Unit20>
      <Unit21>
        <Filename Value="lpinterpreter_evalopcodes.inc"/>
        <IsPartOfProject Value="True"/>
        <WindowIndex Value="0"/>
        <TopLine Value="1"/>
        <CursorPos X="1" Y="1"/>
        <UsageCount Value="201"/>
      </Unit21>
      <Unit22>
        <Filename Value="lpinterpreter_jumpopcodes.inc"/>
        <IsPartOfProject Value="True"/>
        <WindowIndex Value="0"/>
        <TopLine Value="3"/>
        <CursorPos X="1" Y="11"/>
        <UsageCount Value="201"/>
      </Unit22>
      <Unit23>
        <Filename Value="lpinterpreter_jumprecords.inc"/>
        <IsPartOfProject Value="True"/>
        <WindowIndex Value="0"/>
        <TopLine Value="18"/>
        <CursorPos X="17" Y="42"/>
        <UsageCount Value="201"/>
      </Unit23>
      <Unit24>
        <Filename Value="lpinterpreter_dojump.inc"/>
        <IsPartOfProject Value="True"/>
        <WindowIndex Value="0"/>
        <TopLine Value="502"/>
        <CursorPos X="31" Y="526"/>
        <UsageCount Value="201"/>
      </Unit24>
      <Unit25>
        <Filename Value="lpinterpreter_jumpcase.inc"/>
        <IsPartOfProject Value="True"/>
        <WindowIndex Value="0"/>
        <TopLine Value="1"/>
        <CursorPos X="1" Y="1"/>
        <UsageCount Value="201"/>
      </Unit25>
      <Unit26>
        <Filename Value="lpcodeemitter_jumpheader.inc"/>
        <IsPartOfProject Value="True"/>
        <WindowIndex Value="0"/>
        <TopLine Value="79"/>
        <CursorPos X="10" Y="10"/>
        <UsageCount Value="201"/>
      </Unit26>
      <Unit27>
        <Filename Value="lpcodeemitter_jumpbody.inc"/>
        <IsPartOfProject Value="True"/>
        <WindowIndex Value="0"/>
        <TopLine Value="351"/>
        <CursorPos X="1" Y="363"/>
        <UsageCount Value="201"/>
      </Unit27>
      <Unit28>
        <Filename Value="lptree.pas"/>
        <IsPartOfProject Value="True"/>
        <UnitName Value="lptree"/>
        <EditorIndex Value="6"/>
        <WindowIndex Value="0"/>
        <TopLine Value="1845"/>
        <CursorPos X="1" Y="1859"/>
        <UsageCount Value="201"/>
        <Loaded Value="True"/>
      </Unit28>
      <Unit29>
        <Filename Value="lpinterpreter_opcodecase.inc"/>
        <IsPartOfProject Value="True"/>
        <WindowIndex Value="0"/>
        <TopLine Value="1"/>
        <CursorPos X="6" Y="10"/>
        <UsageCount Value="201"/>
      </Unit29>
      <Unit30>
        <Filename Value="lpinterpreter_doforbody.inc"/>
        <WindowIndex Value="0"/>
        <TopLine Value="1"/>
        <CursorPos X="45" Y="11"/>
        <UsageCount Value="85"/>
      </Unit30>
      <Unit31>
        <Filename Value="lpdisassembler.pas"/>
        <IsPartOfProject Value="True"/>
        <UnitName Value="lpdisassembler"/>
        <WindowIndex Value="0"/>
        <TopLine Value="232"/>
        <CursorPos X="46" Y="245"/>
        <UsageCount Value="200"/>
      </Unit31>
      <Unit32>
        <Filename Value="lpdisassembler_dojump.inc"/>
        <IsPartOfProject Value="True"/>
        <WindowIndex Value="0"/>
        <TopLine Value="196"/>
        <CursorPos X="44" Y="223"/>
        <UsageCount Value="200"/>
      </Unit32>
      <Unit33>
        <Filename Value="lpdisassembler_doeval.inc"/>
        <IsPartOfProject Value="True"/>
        <WindowIndex Value="0"/>
        <TopLine Value="1"/>
        <CursorPos X="26" Y="23"/>
        <UsageCount Value="200"/>
      </Unit33>
      <Unit34>
        <Filename Value="lpinterpreter_invokerecords.inc"/>
        <IsPartOfProject Value="True"/>
        <WindowIndex Value="0"/>
        <TopLine Value="144"/>
        <CursorPos X="22" Y="169"/>
        <UsageCount Value="200"/>
      </Unit34>
      <Unit35>
        <Filename Value="lpinterpreter_doinvoke.inc"/>
        <IsPartOfProject Value="True"/>
        <WindowIndex Value="0"/>
        <TopLine Value="1"/>
        <CursorPos X="10" Y="13"/>
        <UsageCount Value="201"/>
      </Unit35>
      <Unit36>
        <Filename Value="lpinterpreter_invokeopcodes.inc"/>
        <IsPartOfProject Value="True"/>
        <WindowIndex Value="0"/>
        <TopLine Value="1"/>
        <CursorPos X="100" Y="46"/>
        <UsageCount Value="200"/>
      </Unit36>
      <Unit37>
        <Filename Value="lpinterpreter_invokecase.inc"/>
        <IsPartOfProject Value="True"/>
        <WindowIndex Value="0"/>
        <TopLine Value="1"/>
        <CursorPos X="1" Y="14"/>
        <UsageCount Value="200"/>
      </Unit37>
      <Unit38>
        <Filename Value="lpdisassembler_doinvoke.inc"/>
        <IsPartOfProject Value="True"/>
        <WindowIndex Value="0"/>
        <TopLine Value="1"/>
        <CursorPos X="1" Y="1"/>
        <UsageCount Value="200"/>
      </Unit38>
      <Unit39>
        <Filename Value="lpcodeemitter_invokeheader.inc"/>
        <IsPartOfProject Value="True"/>
        <WindowIndex Value="0"/>
        <TopLine Value="1"/>
        <CursorPos X="19" Y="14"/>
        <UsageCount Value="200"/>
      </Unit39>
      <Unit40>
        <Filename Value="lpcodeemitter_invokebody.inc"/>
        <IsPartOfProject Value="True"/>
        <WindowIndex Value="0"/>
        <TopLine Value="42"/>
        <CursorPos X="58" Y="48"/>
        <UsageCount Value="203"/>
      </Unit40>
      <Unit41>
        <Filename Value="D:\FPC\Source\rtl\inc\systemh.inc"/>
        <WindowIndex Value="0"/>
        <TopLine Value="280"/>
        <CursorPos X="3" Y="296"/>
        <UsageCount Value="7"/>
      </Unit41>
      <Unit42>
        <Filename Value="D:\FPC\Source\rtl\inc\dynarrh.inc"/>
        <WindowIndex Value="0"/>
        <TopLine Value="1"/>
        <CursorPos X="3" Y="19"/>
        <UsageCount Value="2"/>
      </Unit42>
      <Unit43>
        <Filename Value="D:\FPC\Source\rtl\inc\dynarr.inc"/>
        <WindowIndex Value="0"/>
        <TopLine Value="6"/>
        <CursorPos X="43" Y="19"/>
        <UsageCount Value="2"/>
      </Unit43>
      <Unit44>
        <Filename Value="D:\FPC\Source\rtl\inc\system.inc"/>
        <WindowIndex Value="0"/>
        <TopLine Value="747"/>
        <CursorPos X="23" Y="765"/>
        <UsageCount Value="7"/>
      </Unit44>
      <Unit45>
        <Filename Value="D:\FPC\Source\rtl\inc\aliases.inc"/>
        <WindowIndex Value="0"/>
        <TopLine Value="1"/>
        <CursorPos X="11" Y="28"/>
        <UsageCount Value="4"/>
      </Unit45>
      <Unit46>
        <Filename Value="D:\FPC\Source\rtl\i386\mmx.pp"/>
        <UnitName Value="mmx"/>
        <WindowIndex Value="0"/>
        <TopLine Value="232"/>
        <CursorPos X="40" Y="242"/>
        <UsageCount Value="2"/>
      </Unit46>
      <Unit47>
        <Filename Value="D:\FPC\Source\rtl\objpas\classes\classesh.inc"/>
        <WindowIndex Value="0"/>
        <TopLine Value="70"/>
        <CursorPos X="8" Y="83"/>
        <UsageCount Value="4"/>
      </Unit47>
      <Unit48>
        <Filename Value="D:\FPC\Source\rtl\inc\variants.pp"/>
        <UnitName Value="variants"/>
        <WindowIndex Value="0"/>
        <TopLine Value="35"/>
        <CursorPos X="3" Y="51"/>
        <UsageCount Value="2"/>
      </Unit48>
      <Unit49>
        <Filename Value="lpeval_wrappers_variant.inc"/>
        <IsPartOfProject Value="True"/>
        <WindowIndex Value="0"/>
        <TopLine Value="193"/>
        <CursorPos X="30" Y="213"/>
        <UsageCount Value="184"/>
      </Unit49>
      <Unit50>
        <Filename Value="lpeval_headers_variant.inc"/>
        <IsPartOfProject Value="True"/>
        <WindowIndex Value="0"/>
        <TopLine Value="1"/>
        <CursorPos X="16" Y="8"/>
        <UsageCount Value="183"/>
      </Unit50>
      <Unit51>
        <Filename Value="lpeval_import_variant.inc"/>
        <IsPartOfProject Value="True"/>
        <WindowIndex Value="0"/>
        <TopLine Value="64"/>
        <CursorPos X="68" Y="87"/>
        <UsageCount Value="183"/>
      </Unit51>
      <Unit52>
        <Filename Value="D:\FPC\Source\rtl\objpas\sysutils\sysutilh.inc"/>
        <WindowIndex Value="0"/>
        <TopLine Value="187"/>
        <CursorPos X="13" Y="203"/>
        <UsageCount Value="7"/>
      </Unit52>
      <Unit53>
        <Filename Value="..\FPC\Source\rtl\objpas\sysutils\sysinth.inc"/>
        <WindowIndex Value="0"/>
        <TopLine Value="155"/>
        <CursorPos X="3" Y="33"/>
        <UsageCount Value="7"/>
      </Unit53>
      <Unit54>
        <Filename Value="..\FPC\Source\rtl\inc\wstringh.inc"/>
        <WindowIndex Value="0"/>
        <TopLine Value="7"/>
        <CursorPos X="1" Y="19"/>
        <UsageCount Value="7"/>
      </Unit54>
      <Unit55>
        <Filename Value="..\FPC\Source\rtl\inc\systemh.inc"/>
        <WindowIndex Value="0"/>
        <TopLine Value="282"/>
        <CursorPos X="3" Y="296"/>
        <UsageCount Value="1"/>
      </Unit55>
      <Unit56>
        <Filename Value="lpeval_import_string.inc"/>
        <IsPartOfProject Value="True"/>
        <WindowIndex Value="0"/>
        <TopLine Value="42"/>
        <CursorPos X="1" Y="1"/>
        <UsageCount Value="166"/>
      </Unit56>
      <Unit57>
        <Filename Value="lpeval_wrappers_string.inc"/>
        <IsPartOfProject Value="True"/>
        <WindowIndex Value="0"/>
        <TopLine Value="78"/>
        <CursorPos X="41" Y="90"/>
        <UsageCount Value="166"/>
      </Unit57>
      <Unit58>
        <Filename Value="lpeval_headers_string.inc"/>
        <IsPartOfProject Value="True"/>
        <WindowIndex Value="0"/>
        <TopLine Value="13"/>
        <CursorPos X="19" Y="29"/>
        <UsageCount Value="166"/>
      </Unit58>
      <Unit59>
        <Filename Value="..\FPC\Source\rtl\inc\objpash.inc"/>
        <WindowIndex Value="0"/>
        <TopLine Value="178"/>
        <CursorPos X="23" Y="192"/>
        <UsageCount Value="8"/>
      </Unit59>
      <Unit60>
        <Filename Value="lpeval_import_datetime.inc"/>
        <IsPartOfProject Value="True"/>
        <WindowIndex Value="0"/>
        <TopLine Value="1"/>
        <CursorPos X="1" Y="10"/>
        <UsageCount Value="163"/>
      </Unit60>
      <Unit61>
        <Filename Value="lpeval_wrappers_datetime.inc"/>
        <IsPartOfProject Value="True"/>
        <WindowIndex Value="0"/>
        <TopLine Value="1"/>
        <CursorPos X="55" Y="6"/>
        <UsageCount Value="163"/>
      </Unit61>
      <Unit62>
        <Filename Value="lpeval_headers_datetime.inc"/>
        <IsPartOfProject Value="True"/>
        <WindowIndex Value="0"/>
        <TopLine Value="1"/>
        <CursorPos X="1" Y="1"/>
        <UsageCount Value="163"/>
      </Unit62>
      <Unit63>
        <Filename Value="lpeval_import_math.inc"/>
        <IsPartOfProject Value="True"/>
        <WindowIndex Value="0"/>
        <TopLine Value="1"/>
        <CursorPos X="23" Y="30"/>
        <UsageCount Value="161"/>
      </Unit63>
      <Unit64>
        <Filename Value="lpeval_wrappers_math.inc"/>
        <IsPartOfProject Value="True"/>
        <WindowIndex Value="0"/>
        <TopLine Value="61"/>
        <CursorPos X="16" Y="70"/>
        <UsageCount Value="161"/>
      </Unit64>
      <Unit65>
        <Filename Value="lpeval_headers_math.inc"/>
        <IsPartOfProject Value="True"/>
        <WindowIndex Value="0"/>
        <TopLine Value="1"/>
        <CursorPos X="1" Y="24"/>
        <UsageCount Value="161"/>
      </Unit65>
      <Unit66>
        <Filename Value="..\LazSVN\lcl\lcl_grid_images.lrs"/>
        <WindowIndex Value="0"/>
        <TopLine Value="16"/>
        <CursorPos X="1" Y="30"/>
        <UsageCount Value="1"/>
      </Unit66>
      <Unit67>
        <Filename Value="..\LazSVN\lcl\interfaces\win32\win32wsdialogs.pp"/>
        <UnitName Value="Win32WSDialogs"/>
        <WindowIndex Value="0"/>
        <TopLine Value="76"/>
        <CursorPos X="77" Y="90"/>
        <UsageCount Value="2"/>
      </Unit67>
      <Unit68>
        <Filename Value="..\LazSVN\lcl\interfacebase.pp"/>
        <UnitName Value="InterfaceBase"/>
        <WindowIndex Value="0"/>
        <TopLine Value="1"/>
        <CursorPos X="1" Y="1"/>
        <UsageCount Value="3"/>
      </Unit68>
      <Unit69>
        <Filename Value="..\FPC\Source\rtl\win32\system.pp"/>
        <UnitName Value="System"/>
        <WindowIndex Value="0"/>
        <TopLine Value="22"/>
        <CursorPos X="2" Y="36"/>
        <UsageCount Value="3"/>
      </Unit69>
      <Unit70>
        <Filename Value="..\FPC\Source\rtl\win32\classes.pp"/>
        <UnitName Value="Classes"/>
        <WindowIndex Value="0"/>
        <TopLine Value="50"/>
        <CursorPos X="23" Y="61"/>
        <UsageCount Value="5"/>
      </Unit70>
      <Unit71>
        <Filename Value="..\FPC\Source\rtl\inc\objpas.inc"/>
        <WindowIndex Value="0"/>
        <TopLine Value="1018"/>
        <CursorPos X="19" Y="967"/>
        <UsageCount Value="5"/>
      </Unit71>
    </Units>
    <JumpHistory Count="30" HistoryIndex="29">
      <Position1>
        <Filename Value="lptree.pas"/>
        <Caret Line="3241" Column="1" TopLine="3227"/>
      </Position1>
      <Position2>
        <Filename Value="lptree.pas"/>
        <Caret Line="3233" Column="43" TopLine="3218"/>
      </Position2>
      <Position3>
        <Filename Value="lptree.pas"/>
        <Caret Line="47" Column="16" TopLine="33"/>
      </Position3>
      <Position4>
        <Filename Value="lptree.pas"/>
        <Caret Line="680" Column="26" TopLine="671"/>
      </Position4>
      <Position5>
        <Filename Value="lptree.pas"/>
        <Caret Line="2" Column="111" TopLine="1"/>
      </Position5>
      <Position6>
        <Filename Value="lpcompiler.pas"/>
        <Caret Line="3198" Column="26" TopLine="3196"/>
      </Position6>
      <Position7>
        <Filename Value="lpcompiler.pas"/>
        <Caret Line="265" Column="115" TopLine="263"/>
      </Position7>
      <Position8>
        <Filename Value="lptree.pas"/>
        <Caret Line="36" Column="48" TopLine="32"/>
      </Position8>
      <Position9>
        <Filename Value="lptree.pas"/>
        <Caret Line="47" Column="16" TopLine="32"/>
      </Position9>
      <Position10>
        <Filename Value="lptree.pas"/>
        <Caret Line="3241" Column="1" TopLine="3227"/>
      </Position10>
      <Position11>
        <Filename Value="lptree.pas"/>
        <Caret Line="797" Column="1" TopLine="792"/>
      </Position11>
      <Position12>
        <Filename Value="lptree.pas"/>
        <Caret Line="806" Column="1" TopLine="792"/>
      </Position12>
      <Position13>
        <Filename Value="lptree.pas"/>
        <Caret Line="820" Column="1" TopLine="796"/>
      </Position13>
      <Position14>
        <Filename Value="lpcompiler.pas"/>
        <Caret Line="1790" Column="1" TopLine="1776"/>
      </Position14>
      <Position15>
        <Filename Value="lpcompiler.pas"/>
        <Caret Line="1815" Column="1" TopLine="1801"/>
      </Position15>
      <Position16>
        <Filename Value="lpcompiler.pas"/>
        <Caret Line="2067" Column="40" TopLine="2047"/>
      </Position16>
      <Position17>
        <Filename Value="lpcompiler.pas"/>
        <Caret Line="2071" Column="54" TopLine="2053"/>
      </Position17>
      <Position18>
        <Filename Value="lpcompiler.pas"/>
        <Caret Line="1770" Column="3" TopLine="1756"/>
      </Position18>
      <Position19>
        <Filename Value="lpcompiler.pas"/>
        <Caret Line="2125" Column="14" TopLine="2113"/>
      </Position19>
      <Position20>
        <Filename Value="lpcompiler.pas"/>
        <Caret Line="3217" Column="1" TopLine="3199"/>
      </Position20>
      <Position21>
        <Filename Value="lpexceptions.pas"/>
        <Caret Line="92" Column="1" TopLine="78"/>
      </Position21>
      <Position22>
        <Filename Value="lpcompiler.pas"/>
        <Caret Line="2061" Column="37" TopLine="2052"/>
      </Position22>
      <Position23>
        <Filename Value="lpcompiler.pas"/>
        <Caret Line="2068" Column="1" TopLine="2052"/>
      </Position23>
      <Position24>
        <Filename Value="lpcompiler.pas"/>
        <Caret Line="2066" Column="1" TopLine="2052"/>
      </Position24>
      <Position25>
        <Filename Value="lpcompiler.pas"/>
        <Caret Line="3143" Column="1" TopLine="3129"/>
      </Position25>
      <Position26>
        <Filename Value="lpcompiler.pas"/>
        <Caret Line="607" Column="1" TopLine="593"/>
      </Position26>
      <Position27>
        <Filename Value="lpcompiler.pas"/>
        <Caret Line="2066" Column="1" TopLine="2052"/>
      </Position27>
      <Position28>
        <Filename Value="lpcompiler.pas"/>
        <Caret Line="607" Column="1" TopLine="593"/>
      </Position28>
      <Position29>
        <Filename Value="lpcompiler.pas"/>
        <Caret Line="2066" Column="1" TopLine="2052"/>
      </Position29>
      <Position30>
        <Filename Value="lpcompiler.pas"/>
        <Caret Line="2178" Column="1" TopLine="2164"/>
      </Position30>
    </JumpHistory>
  </ProjectOptions>
  <CompilerOptions>
    <Version Value="10"/>
    <PathDelim Value="\"/>
    <Target>
      <Filename Value="lape"/>
    </Target>
    <SearchPaths>
      <IncludeFiles Value="$(ProjOutDir)"/>
      <UnitOutputDirectory Value="lib\$(TargetCPU)-$(TargetOS)"/>
    </SearchPaths>
    <Parsing>
      <SyntaxOptions>
        <IncludeAssertionCode Value="True"/>
      </SyntaxOptions>
    </Parsing>
    <CodeGeneration>
      <SmartLinkUnit Value="True"/>
      <Checks>
        <RangeChecks Value="True"/>
        <OverflowChecks Value="True"/>
      </Checks>
    </CodeGeneration>
    <Linking>
      <Debugging>
        <GenerateDebugInfo Value="True"/>
        <UseHeaptrc Value="True"/>
      </Debugging>
      <LinkSmart Value="True"/>
    </Linking>
    <Other>
      <CompilerMessages>
        <IgnoredMessages idx4035="True" idx4055="True" idx4056="True" idx4082="True" idx5024="True"/>
        <UseMsgFile Value="True"/>
      </CompilerMessages>
      <CompilerPath Value="$(CompPath)"/>
    </Other>
  </CompilerOptions>
  <Debugging>
    <Watches Count="1">
      <Item1>
        <Expression Value="FStackPos"/>
      </Item1>
    </Watches>
  </Debugging>
</CONFIG>
