<?xml version="1.0" encoding="UTF-8"?>
<CONFIG>
  <ProjectOptions>
    <Version Value="11"/>
    <General>
      <Flags>
        <MainUnitHasCreateFormStatements Value="False"/>
        <MainUnitHasTitleStatement Value="False"/>
      </Flags>
      <SessionStorage Value="InProjectDir"/>
      <MainUnit Value="0"/>
      <Title Value="LapeTestFFI"/>
      <UseAppBundle Value="False"/>
      <ResourceType Value="res"/>
    </General>
    <i18n>
      <EnableI18N LFM="False"/>
    </i18n>
    <BuildModes Count="10">
      <Item1 Name="default" Default="True"/>
      <Item2 Name="default-static">
        <CompilerOptions>
          <Version Value="11"/>
          <Target>
            <Filename Value="LapeTestFFI"/>
          </Target>
          <SearchPaths>
            <IncludeFiles Value="$(ProjOutDir);..;../../.."/>
            <Libraries Value="../bin/$(TargetOS)"/>
            <OtherUnitFiles Value=".."/>
            <UnitOutputDirectory Value="lib/$(TargetCPU)-$(TargetOS)"/>
          </SearchPaths>
          <Parsing>
            <SyntaxOptions>
              <IncludeAssertionCode Value="True"/>
            </SyntaxOptions>
          </Parsing>
          <Other>
            <CustomOptions Value="-dStaticFFI"/>
            <OtherDefines Count="1">
              <Define0 Value="StaticFFI"/>
            </OtherDefines>
          </Other>
        </CompilerOptions>
      </Item2>
      <Item3 Name="register">
        <CompilerOptions>
          <Version Value="11"/>
          <Target>
            <Filename Value="LapeTestFFI"/>
          </Target>
          <SearchPaths>
            <IncludeFiles Value="$(ProjOutDir);..;../../.."/>
            <Libraries Value="../bin/$(TargetOS)"/>
            <OtherUnitFiles Value=".."/>
            <UnitOutputDirectory Value="lib/$(TargetCPU)-$(TargetOS)"/>
          </SearchPaths>
          <Parsing>
            <SyntaxOptions>
              <IncludeAssertionCode Value="True"/>
            </SyntaxOptions>
          </Parsing>
        </CompilerOptions>
      </Item3>
      <Item4 Name="register-static">
        <CompilerOptions>
          <Version Value="11"/>
          <Target>
            <Filename Value="LapeTestFFI"/>
          </Target>
          <SearchPaths>
            <IncludeFiles Value="$(ProjOutDir);..;../../.."/>
            <Libraries Value="../bin/$(TargetOS)"/>
            <OtherUnitFiles Value=".."/>
            <UnitOutputDirectory Value="lib/$(TargetCPU)-$(TargetOS)"/>
          </SearchPaths>
          <Parsing>
            <SyntaxOptions>
              <IncludeAssertionCode Value="True"/>
            </SyntaxOptions>
          </Parsing>
          <Other>
            <CustomOptions Value="-dStaticFFI"/>
            <OtherDefines Count="1">
              <Define0 Value="StaticFFI"/>
            </OtherDefines>
          </Other>
        </CompilerOptions>
      </Item4>
      <Item5 Name="pascal">
        <CompilerOptions>
          <Version Value="11"/>
          <Target>
            <Filename Value="LapeTestFFI"/>
          </Target>
          <SearchPaths>
            <IncludeFiles Value="$(ProjOutDir);..;../../.."/>
            <Libraries Value="../bin/$(TargetOS)"/>
            <OtherUnitFiles Value=".."/>
            <UnitOutputDirectory Value="lib/$(TargetCPU)-$(TargetOS)"/>
          </SearchPaths>
          <Parsing>
            <SyntaxOptions>
              <IncludeAssertionCode Value="True"/>
            </SyntaxOptions>
          </Parsing>
        </CompilerOptions>
      </Item5>
      <Item6 Name="pascal-static">
        <CompilerOptions>
          <Version Value="11"/>
          <Target>
            <Filename Value="LapeTestFFI"/>
          </Target>
          <SearchPaths>
            <IncludeFiles Value="$(ProjOutDir);..;../../.."/>
            <Libraries Value="../bin/$(TargetOS)"/>
            <OtherUnitFiles Value=".."/>
            <UnitOutputDirectory Value="lib/$(TargetCPU)-$(TargetOS)"/>
          </SearchPaths>
          <Parsing>
            <SyntaxOptions>
              <IncludeAssertionCode Value="True"/>
            </SyntaxOptions>
          </Parsing>
          <Other>
            <CustomOptions Value="-dStaticFFI"/>
          </Other>
        </CompilerOptions>
      </Item6>
      <Item7 Name="cdecl">
        <CompilerOptions>
          <Version Value="11"/>
          <Target>
            <Filename Value="LapeTestFFI"/>
          </Target>
          <SearchPaths>
            <IncludeFiles Value="$(ProjOutDir);..;../../.."/>
            <Libraries Value="../bin/$(TargetOS)"/>
            <OtherUnitFiles Value=".."/>
            <UnitOutputDirectory Value="lib/$(TargetCPU)-$(TargetOS)"/>
          </SearchPaths>
          <Parsing>
            <SyntaxOptions>
              <IncludeAssertionCode Value="True"/>
            </SyntaxOptions>
          </Parsing>
        </CompilerOptions>
      </Item7>
      <Item8 Name="cdecl-static">
        <CompilerOptions>
          <Version Value="11"/>
          <Target>
            <Filename Value="LapeTestFFI"/>
          </Target>
          <SearchPaths>
            <IncludeFiles Value="$(ProjOutDir);..;../../.."/>
            <Libraries Value="../bin/$(TargetOS)"/>
            <OtherUnitFiles Value=".."/>
            <UnitOutputDirectory Value="lib/$(TargetCPU)-$(TargetOS)"/>
          </SearchPaths>
          <Parsing>
            <SyntaxOptions>
              <IncludeAssertionCode Value="True"/>
            </SyntaxOptions>
          </Parsing>
          <Other>
            <CustomOptions Value="-dStaticFFI"/>
          </Other>
        </CompilerOptions>
      </Item8>
      <Item9 Name="stdcall">
        <CompilerOptions>
          <Version Value="11"/>
          <Target>
            <Filename Value="LapeTestFFI"/>
          </Target>
          <SearchPaths>
            <IncludeFiles Value="$(ProjOutDir);..;../../.."/>
            <Libraries Value="../bin/$(TargetOS)"/>
            <OtherUnitFiles Value=".."/>
            <UnitOutputDirectory Value="lib/$(TargetCPU)-$(TargetOS)"/>
          </SearchPaths>
          <Parsing>
            <SyntaxOptions>
              <IncludeAssertionCode Value="True"/>
            </SyntaxOptions>
          </Parsing>
        </CompilerOptions>
      </Item9>
      <Item10 Name="stdcall-static">
        <CompilerOptions>
          <Version Value="11"/>
          <Target>
            <Filename Value="LapeTestFFI"/>
          </Target>
          <SearchPaths>
            <IncludeFiles Value="$(ProjOutDir);..;../../.."/>
            <Libraries Value="../bin/$(TargetOS)"/>
            <OtherUnitFiles Value=".."/>
            <UnitOutputDirectory Value="lib/$(TargetCPU)-$(TargetOS)"/>
          </SearchPaths>
          <Parsing>
            <SyntaxOptions>
              <IncludeAssertionCode Value="True"/>
            </SyntaxOptions>
          </Parsing>
          <Other>
            <CustomOptions Value="-dStaticFFI"/>
          </Other>
        </CompilerOptions>
      </Item10>
      <SharedMatrixOptions Count="4">
        <Item1 ID="438870483490" Targets="#project" Modes="register,register-static" Value="-dFFITest_REGISTER"/>
        <Item2 ID="034699903166" Targets="#project" Modes="pascal,pascal-static" Value="-dFFITest_PASCAL"/>
        <Item3 ID="895036950427" Targets="#project" Modes="cdecl,cdecl-static" Value="-dFFITest_CDECL"/>
        <Item4 ID="385979714954" Targets="#project" Modes="stdcall,stdcall-static" Value="-dFFITest_STDCALL"/>
      </SharedMatrixOptions>
    </BuildModes>
    <PublishOptions>
      <Version Value="2"/>
    </PublishOptions>
    <RunParams>
      <FormatVersion Value="2"/>
      <Modes Count="1">
        <Mode0 Name="default"/>
      </Modes>
    </RunParams>
    <RequiredPackages Count="2">
      <Item1>
        <PackageName Value="LCLBase"/>
      </Item1>
      <Item2>
        <PackageName Value="lape"/>
      </Item2>
    </RequiredPackages>
    <Units Count="2">
      <Unit0>
        <Filename Value="LapeTestFFI.lpr"/>
        <IsPartOfProject Value="True"/>
      </Unit0>
      <Unit1>
        <Filename Value="cconv.inc"/>
        <IsPartOfProject Value="True"/>
      </Unit1>
    </Units>
  </ProjectOptions>
  <CompilerOptions>
    <Version Value="11"/>
    <Target>
      <Filename Value="LapeTestFFI"/>
    </Target>
    <SearchPaths>
      <IncludeFiles Value="$(ProjOutDir);..;../../.."/>
      <Libraries Value="../bin/$(TargetOS)"/>
      <OtherUnitFiles Value=".."/>
      <UnitOutputDirectory Value="lib/$(TargetCPU)-$(TargetOS)"/>
    </SearchPaths>
    <Parsing>
      <SyntaxOptions>
        <IncludeAssertionCode Value="True"/>
      </SyntaxOptions>
    </Parsing>
  </CompilerOptions>
  <Debugging>
    <Exceptions Count="3">
      <Item1>
        <Name Value="EAbort"/>
      </Item1>
      <Item2>
        <Name Value="ECodetoolError"/>
      </Item2>
      <Item3>
        <Name Value="EFOpenError"/>
      </Item3>
    </Exceptions>
  </Debugging>
</CONFIG>
